
Microsoft Visual Studio Solution File, Format Version 12.00
# Visual Studio 15
VisualStudioVersion = 15.0.28010.2036
MinimumVisualStudioVersion = 10.0.40219.1
Project("{FAE04EC0-301F-11D3-BF4B-00C04F79EFBC}") = "PruebaMVC_App", "PruebaMVC_App\PruebaMVC_App.csproj", "{116D6324-F931-4E8D-9A1B-5BC2BB988A9B}"
EndProject
Project("{E53339B2-1760-4266-BCC7-CA923CBCF16C}") = "docker-compose", "docker-compose.dcproj", "{7D9C5DF1-E0B2-4E30-A53A-EAF885F0727A}"
EndProject
Global
	GlobalSection(SolutionConfigurationPlatforms) = preSolution
		Debug|Any CPU = Debug|Any CPU
		Release|Any CPU = Release|Any CPU
	EndGlobalSection
	GlobalSection(ProjectConfigurationPlatforms) = postSolution
		{116D6324-F931-4E8D-9A1B-5BC2BB988A9B}.Debug|Any CPU.ActiveCfg = Debug|Any CPU
		{116D6324-F931-4E8D-9A1B-5BC2BB988A9B}.Debug|Any CPU.Build.0 = Debug|Any CPU
		{116D6324-F931-4E8D-9A1B-5BC2BB988A9B}.Release|Any CPU.ActiveCfg = Release|Any CPU
		{116D6324-F931-4E8D-9A1B-5BC2BB988A9B}.Release|Any CPU.Build.0 = Release|Any CPU
		{7D9C5DF1-E0B2-4E30-A53A-EAF885F0727A}.Debug|Any CPU.ActiveCfg = Debug|Any CPU
		{7D9C5DF1-E0B2-4E30-A53A-EAF885F0727A}.Debug|Any CPU.Build.0 = Debug|Any CPU
		{7D9C5DF1-E0B2-4E30-A53A-EAF885F0727A}.Release|Any CPU.ActiveCfg = Release|Any CPU
		{7D9C5DF1-E0B2-4E30-A53A-EAF885F0727A}.Release|Any CPU.Build.0 = Release|Any CPU
	EndGlobalSection
	GlobalSection(SolutionProperties) = preSolution
		HideSolutionNode = FALSE
	EndGlobalSection
	GlobalSection(ExtensibilityGlobals) = postSolution
		SolutionGuid = {5331957E-E46F-4C27-B955-D3AA02204F13}
	EndGlobalSection
EndGlobal
